// !$*UTF8*$!
{
	archiveVersion = 1;
	classes = {
	};
	objectVersion = 56;
	objects = {

/* Begin PBXBuildFile section */
		577755612AC758C6006C8719 /* EnriqueApp.swift in Sources */ = {isa = PBXBuildFile; fileRef = 577755602AC758C6006C8719 /* EnriqueApp.swift */; };
		577755632AC758C6006C8719 /* ContentView.swift in Sources */ = {isa = PBXBuildFile; fileRef = 577755622AC758C6006C8719 /* ContentView.swift */; };
		577755652AC758C8006C8719 /* Assets.xcassets in Resources */ = {isa = PBXBuildFile; fileRef = 577755642AC758C8006C8719 /* Assets.xcassets */; };
		577755682AC758C8006C8719 /* Preview Assets.xcassets in Resources */ = {isa = PBXBuildFile; fileRef = 577755672AC758C8006C8719 /* Preview Assets.xcassets */; };
		577755722AC758C8006C8719 /* EnriqueTests.swift in Sources */ = {isa = PBXBuildFile; fileRef = 577755712AC758C8006C8719 /* EnriqueTests.swift */; };
		5777557C2AC758C8006C8719 /* EnriqueUITests.swift in Sources */ = {isa = PBXBuildFile; fileRef = 5777557B2AC758C8006C8719 /* EnriqueUITests.swift */; };
		5777557E2AC758C8006C8719 /* EnriqueUITestsLaunchTests.swift in Sources */ = {isa = PBXBuildFile; fileRef = 5777557D2AC758C8006C8719 /* EnriqueUITestsLaunchTests.swift */; };
		5777558D2AC79BFA006C8719 /* AdvancedSettings.swift in Sources */ = {isa = PBXBuildFile; fileRef = 5777558C2AC79BFA006C8719 /* AdvancedSettings.swift */; };
		577755912AC7C1A6006C8719 /* SideMenu.swift in Sources */ = {isa = PBXBuildFile; fileRef = 577755902AC7C1A6006C8719 /* SideMenu.swift */; };
		577755932AC7D7FF006C8719 /* HowTo.swift in Sources */ = {isa = PBXBuildFile; fileRef = 577755922AC7D7FF006C8719 /* HowTo.swift */; };
		577755952AC7D82C006C8719 /* About.swift in Sources */ = {isa = PBXBuildFile; fileRef = 577755942AC7D82C006C8719 /* About.swift */; };
/* End PBXBuildFile section */

/* Begin PBXContainerItemProxy section */
		5777556E2AC758C8006C8719 /* PBXContainerItemProxy */ = {
			isa = PBXContainerItemProxy;
			containerPortal = 577755552AC758C6006C8719 /* Project object */;
			proxyType = 1;
			remoteGlobalIDString = 5777555C2AC758C6006C8719;
			remoteInfo = Enrique;
		};
		577755782AC758C8006C8719 /* PBXContainerItemProxy */ = {
			isa = PBXContainerItemProxy;
			containerPortal = 577755552AC758C6006C8719 /* Project object */;
			proxyType = 1;
			remoteGlobalIDString = 5777555C2AC758C6006C8719;
			remoteInfo = Enrique;
		};
/* End PBXContainerItemProxy section */

/* Begin PBXFileReference section */
		5777555D2AC758C6006C8719 /* Enrique.app */ = {isa = PBXFileReference; explicitFileType = wrapper.application; includeInIndex = 0; path = Enrique.app; sourceTree = BUILT_PRODUCTS_DIR; };
		577755602AC758C6006C8719 /* EnriqueApp.swift */ = {isa = PBXFileReference; lastKnownFileType = sourcecode.swift; path = EnriqueApp.swift; sourceTree = "<group>"; };
		577755622AC758C6006C8719 /* ContentView.swift */ = {isa = PBXFileReference; lastKnownFileType = sourcecode.swift; path = ContentView.swift; sourceTree = "<group>"; };
		577755642AC758C8006C8719 /* Assets.xcassets */ = {isa = PBXFileReference; lastKnownFileType = folder.assetcatalog; path = Assets.xcassets; sourceTree = "<group>"; };
		577755672AC758C8006C8719 /* Preview Assets.xcassets */ = {isa = PBXFileReference; lastKnownFileType = folder.assetcatalog; path = "Preview Assets.xcassets"; sourceTree = "<group>"; };
		5777556D2AC758C8006C8719 /* EnriqueTests.xctest */ = {isa = PBXFileReference; explicitFileType = wrapper.cfbundle; includeInIndex = 0; path = EnriqueTests.xctest; sourceTree = BUILT_PRODUCTS_DIR; };
		577755712AC758C8006C8719 /* EnriqueTests.swift */ = {isa = PBXFileReference; lastKnownFileType = sourcecode.swift; path = EnriqueTests.swift; sourceTree = "<group>"; };
		577755772AC758C8006C8719 /* EnriqueUITests.xctest */ = {isa = PBXFileReference; explicitFileType = wrapper.cfbundle; includeInIndex = 0; path = EnriqueUITests.xctest; sourceTree = BUILT_PRODUCTS_DIR; };
		5777557B2AC758C8006C8719 /* EnriqueUITests.swift */ = {isa = PBXFileReference; lastKnownFileType = sourcecode.swift; path = EnriqueUITests.swift; sourceTree = "<group>"; };
		5777557D2AC758C8006C8719 /* EnriqueUITestsLaunchTests.swift */ = {isa = PBXFileReference; lastKnownFileType = sourcecode.swift; path = EnriqueUITestsLaunchTests.swift; sourceTree = "<group>"; };
		5777558C2AC79BFA006C8719 /* AdvancedSettings.swift */ = {isa = PBXFileReference; lastKnownFileType = sourcecode.swift; path = AdvancedSettings.swift; sourceTree = "<group>"; };
		577755902AC7C1A6006C8719 /* SideMenu.swift */ = {isa = PBXFileReference; lastKnownFileType = sourcecode.swift; path = SideMenu.swift; sourceTree = "<group>"; };
		577755922AC7D7FF006C8719 /* HowTo.swift */ = {isa = PBXFileReference; lastKnownFileType = sourcecode.swift; path = HowTo.swift; sourceTree = "<group>"; };
		577755942AC7D82C006C8719 /* About.swift */ = {isa = PBXFileReference; lastKnownFileType = sourcecode.swift; path = About.swift; sourceTree = "<group>"; };
/* End PBXFileReference section */

/* Begin PBXFrameworksBuildPhase section */
		5777555A2AC758C6006C8719 /* Frameworks */ = {
			isa = PBXFrameworksBuildPhase;
			buildActionMask = 2147483647;
			files = (
			);
			runOnlyForDeploymentPostprocessing = 0;
		};
		5777556A2AC758C8006C8719 /* Frameworks */ = {
			isa = PBXFrameworksBuildPhase;
			buildActionMask = 2147483647;
			files = (
			);
			runOnlyForDeploymentPostprocessing = 0;
		};
		577755742AC758C8006C8719 /* Frameworks */ = {
			isa = PBXFrameworksBuildPhase;
			buildActionMask = 2147483647;
			files = (
			);
			runOnlyForDeploymentPostprocessing = 0;
		};
/* End PBXFrameworksBuildPhase section */

/* Begin PBXGroup section */
		577755542AC758C6006C8719 = {
			isa = PBXGroup;
			children = (
				5777555F2AC758C6006C8719 /* Enrique */,
				577755702AC758C8006C8719 /* EnriqueTests */,
				5777557A2AC758C8006C8719 /* EnriqueUITests */,
				5777555E2AC758C6006C8719 /* Products */,
			);
			sourceTree = "<group>";
		};
		5777555E2AC758C6006C8719 /* Products */ = {
			isa = PBXGroup;
			children = (
				5777555D2AC758C6006C8719 /* Enrique.app */,
				5777556D2AC758C8006C8719 /* EnriqueTests.xctest */,
				577755772AC758C8006C8719 /* EnriqueUITests.xctest */,
			);
			name = Products;
			sourceTree = "<group>";
		};
		5777555F2AC758C6006C8719 /* Enrique */ = {
			isa = PBXGroup;
			children = (
				577755602AC758C6006C8719 /* EnriqueApp.swift */,
				577755622AC758C6006C8719 /* ContentView.swift */,
				577755642AC758C8006C8719 /* Assets.xcassets */,
				577755662AC758C8006C8719 /* Preview Content */,
				577755902AC7C1A6006C8719 /* SideMenu.swift */,
				5777558C2AC79BFA006C8719 /* AdvancedSettings.swift */,
				577755922AC7D7FF006C8719 /* HowTo.swift */,
				577755942AC7D82C006C8719 /* About.swift */,
			);
			path = Enrique;
			sourceTree = "<group>";
		};
		577755662AC758C8006C8719 /* Preview Content */ = {
			isa = PBXGroup;
			children = (
				577755672AC758C8006C8719 /* Preview Assets.xcassets */,
			);
			path = "Preview Content";
			sourceTree = "<group>";
		};
		577755702AC758C8006C8719 /* EnriqueTests */ = {
			isa = PBXGroup;
			children = (
				577755712AC758C8006C8719 /* EnriqueTests.swift */,
			);
			path = EnriqueTests;
			sourceTree = "<group>";
		};
		5777557A2AC758C8006C8719 /* EnriqueUITests */ = {
			isa = PBXGroup;
			children = (
				5777557B2AC758C8006C8719 /* EnriqueUITests.swift */,
				5777557D2AC758C8006C8719 /* EnriqueUITestsLaunchTests.swift */,
			);
			path = EnriqueUITests;
			sourceTree = "<group>";
		};
/* End PBXGroup section */

/* Begin PBXNativeTarget section */
		5777555C2AC758C6006C8719 /* Enrique */ = {
			isa = PBXNativeTarget;
			buildConfigurationList = 577755812AC758C8006C8719 /* Build configuration list for PBXNativeTarget "Enrique" */;
			buildPhases = (
				577755592AC758C6006C8719 /* Sources */,
				5777555A2AC758C6006C8719 /* Frameworks */,
				5777555B2AC758C6006C8719 /* Resources */,
			);
			buildRules = (
			);
			dependencies = (
			);
			name = Enrique;
			productName = Enrique;
			productReference = 5777555D2AC758C6006C8719 /* Enrique.app */;
			productType = "com.apple.product-type.application";
		};
		5777556C2AC758C8006C8719 /* EnriqueTests */ = {
			isa = PBXNativeTarget;
			buildConfigurationList = 577755842AC758C8006C8719 /* Build configuration list for PBXNativeTarget "EnriqueTests" */;
			buildPhases = (
				577755692AC758C8006C8719 /* Sources */,
				5777556A2AC758C8006C8719 /* Frameworks */,
				5777556B2AC758C8006C8719 /* Resources */,
			);
			buildRules = (
			);
			dependencies = (
				5777556F2AC758C8006C8719 /* PBXTargetDependency */,
			);
			name = EnriqueTests;
			productName = EnriqueTests;
			productReference = 5777556D2AC758C8006C8719 /* EnriqueTests.xctest */;
			productType = "com.apple.product-type.bundle.unit-test";
		};
		577755762AC758C8006C8719 /* EnriqueUITests */ = {
			isa = PBXNativeTarget;
			buildConfigurationList = 577755872AC758C8006C8719 /* Build configuration list for PBXNativeTarget "EnriqueUITests" */;
			buildPhases = (
				577755732AC758C8006C8719 /* Sources */,
				577755742AC758C8006C8719 /* Frameworks */,
				577755752AC758C8006C8719 /* Resources */,
			);
			buildRules = (
			);
			dependencies = (
				577755792AC758C8006C8719 /* PBXTargetDependency */,
			);
			name = EnriqueUITests;
			productName = EnriqueUITests;
			productReference = 577755772AC758C8006C8719 /* EnriqueUITests.xctest */;
			productType = "com.apple.product-type.bundle.ui-testing";
		};
/* End PBXNativeTarget section */

/* Begin PBXProject section */
		577755552AC758C6006C8719 /* Project object */ = {
			isa = PBXProject;
			attributes = {
				BuildIndependentTargetsInParallel = 1;
				LastSwiftUpdateCheck = 1500;
				LastUpgradeCheck = 1500;
				TargetAttributes = {
					5777555C2AC758C6006C8719 = {
						CreatedOnToolsVersion = 15.0;
					};
					5777556C2AC758C8006C8719 = {
						CreatedOnToolsVersion = 15.0;
						TestTargetID = 5777555C2AC758C6006C8719;
					};
					577755762AC758C8006C8719 = {
						CreatedOnToolsVersion = 15.0;
						TestTargetID = 5777555C2AC758C6006C8719;
					};
				};
			};
			buildConfigurationList = 577755582AC758C6006C8719 /* Build configuration list for PBXProject "Enrique" */;
			compatibilityVersion = "Xcode 14.0";
			developmentRegion = en;
			hasScannedForEncodings = 0;
			knownRegions = (
				en,
				Base,
			);
			mainGroup = 577755542AC758C6006C8719;
			productRefGroup = 5777555E2AC758C6006C8719 /* Products */;
			projectDirPath = "";
			projectRoot = "";
			targets = (
				5777555C2AC758C6006C8719 /* Enrique */,
				5777556C2AC758C8006C8719 /* EnriqueTests */,
				577755762AC758C8006C8719 /* EnriqueUITests */,
			);
		};
/* End PBXProject section */

/* Begin PBXResourcesBuildPhase section */
		5777555B2AC758C6006C8719 /* Resources */ = {
			isa = PBXResourcesBuildPhase;
			buildActionMask = 2147483647;
			files = (
				577755682AC758C8006C8719 /* Preview Assets.xcassets in Resources */,
				577755652AC758C8006C8719 /* Assets.xcassets in Resources */,
			);
			runOnlyForDeploymentPostprocessing = 0;
		};
		5777556B2AC758C8006C8719 /* Resources */ = {
			isa = PBXResourcesBuildPhase;
			buildActionMask = 2147483647;
			files = (
			);
			runOnlyForDeploymentPostprocessing = 0;
		};
		577755752AC758C8006C8719 /* Resources */ = {
			isa = PBXResourcesBuildPhase;
			buildActionMask = 2147483647;
			files = (
			);
			runOnlyForDeploymentPostprocessing = 0;
		};
/* End PBXResourcesBuildPhase section */

/* Begin PBXSourcesBuildPhase section */
		577755592AC758C6006C8719 /* Sources */ = {
			isa = PBXSourcesBuildPhase;
			buildActionMask = 2147483647;
			files = (
				5777558D2AC79BFA006C8719 /* AdvancedSettings.swift in Sources */,
				577755952AC7D82C006C8719 /* About.swift in Sources */,
				577755632AC758C6006C8719 /* ContentView.swift in Sources */,
				577755932AC7D7FF006C8719 /* HowTo.swift in Sources */,
				577755612AC758C6006C8719 /* EnriqueApp.swift in Sources */,
				577755912AC7C1A6006C8719 /* SideMenu.swift in Sources */,
			);
			runOnlyForDeploymentPostprocessing = 0;
		};
		577755692AC758C8006C8719 /* Sources */ = {
			isa = PBXSourcesBuildPhase;
			buildActionMask = 2147483647;
			files = (
				577755722AC758C8006C8719 /* EnriqueTests.swift in Sources */,
			);
			runOnlyForDeploymentPostprocessing = 0;
		};
		577755732AC758C8006C8719 /* Sources */ = {
			isa = PBXSourcesBuildPhase;
			buildActionMask = 2147483647;
			files = (
				5777557E2AC758C8006C8719 /* EnriqueUITestsLaunchTests.swift in Sources */,
				5777557C2AC758C8006C8719 /* EnriqueUITests.swift in Sources */,
			);
			runOnlyForDeploymentPostprocessing = 0;
		};
/* End PBXSourcesBuildPhase section */

/* Begin PBXTargetDependency section */
		5777556F2AC758C8006C8719 /* PBXTargetDependency */ = {
			isa = PBXTargetDependency;
			target = 5777555C2AC758C6006C8719 /* Enrique */;
			targetProxy = 5777556E2AC758C8006C8719 /* PBXContainerItemProxy */;
		};
		577755792AC758C8006C8719 /* PBXTargetDependency */ = {
			isa = PBXTargetDependency;
			target = 5777555C2AC758C6006C8719 /* Enrique */;
			targetProxy = 577755782AC758C8006C8719 /* PBXContainerItemProxy */;
		};
/* End PBXTargetDependency section */

/* Begin XCBuildConfiguration section */
		5777557F2AC758C8006C8719 /* Debug */ = {
			isa = XCBuildConfiguration;
			buildSettings = {
				ALWAYS_SEARCH_USER_PATHS = NO;
				ASSETCATALOG_COMPILER_GENERATE_SWIFT_ASSET_SYMBOL_EXTENSIONS = YES;
				CLANG_ANALYZER_NONNULL = YES;
				CLANG_ANALYZER_NUMBER_OBJECT_CONVERSION = YES_AGGRESSIVE;
				CLANG_CXX_LANGUAGE_STANDARD = "gnu++20";
				CLANG_ENABLE_MODULES = YES;
				CLANG_ENABLE_OBJC_ARC = YES;
				CLANG_ENABLE_OBJC_WEAK = YES;
				CLANG_WARN_BLOCK_CAPTURE_AUTORELEASING = YES;
				CLANG_WARN_BOOL_CONVERSION = YES;
				CLANG_WARN_COMMA = YES;
				CLANG_WARN_CONSTANT_CONVERSION = YES;
				CLANG_WARN_DEPRECATED_OBJC_IMPLEMENTATIONS = YES;
				CLANG_WARN_DIRECT_OBJC_ISA_USAGE = YES_ERROR;
				CLANG_WARN_DOCUMENTATION_COMMENTS = YES;
				CLANG_WARN_EMPTY_BODY = YES;
				CLANG_WARN_ENUM_CONVERSION = YES;
				CLANG_WARN_INFINITE_RECURSION = YES;
				CLANG_WARN_INT_CONVERSION = YES;
				CLANG_WARN_NON_LITERAL_NULL_CONVERSION = YES;
				CLANG_WARN_OBJC_IMPLICIT_RETAIN_SELF = YES;
				CLANG_WARN_OBJC_LITERAL_CONVERSION = YES;
				CLANG_WARN_OBJC_ROOT_CLASS = YES_ERROR;
				CLANG_WARN_QUOTED_INCLUDE_IN_FRAMEWORK_HEADER = YES;
				CLANG_WARN_RANGE_LOOP_ANALYSIS = YES;
				CLANG_WARN_STRICT_PROTOTYPES = YES;
				CLANG_WARN_SUSPICIOUS_MOVE = YES;
				CLANG_WARN_UNGUARDED_AVAILABILITY = YES_AGGRESSIVE;
				CLANG_WARN_UNREACHABLE_CODE = YES;
				CLANG_WARN__DUPLICATE_METHOD_MATCH = YES;
				COPY_PHASE_STRIP = NO;
				DEBUG_INFORMATION_FORMAT = dwarf;
				ENABLE_STRICT_OBJC_MSGSEND = YES;
				ENABLE_TESTABILITY = YES;
				ENABLE_USER_SCRIPT_SANDBOXING = YES;
				GCC_C_LANGUAGE_STANDARD = gnu17;
				GCC_DYNAMIC_NO_PIC = NO;
				GCC_NO_COMMON_BLOCKS = YES;
				GCC_OPTIMIZATION_LEVEL = 0;
				GCC_PREPROCESSOR_DEFINITIONS = (
					"DEBUG=1",
					"$(inherited)",
				);
				GCC_WARN_64_TO_32_BIT_CONVERSION = YES;
				GCC_WARN_ABOUT_RETURN_TYPE = YES_ERROR;
				GCC_WARN_UNDECLARED_SELECTOR = YES;
				GCC_WARN_UNINITIALIZED_AUTOS = YES_AGGRESSIVE;
				GCC_WARN_UNUSED_FUNCTION = YES;
				GCC_WARN_UNUSED_VARIABLE = YES;
				IPHONEOS_DEPLOYMENT_TARGET = 17.0;
				LOCALIZATION_PREFERS_STRING_CATALOGS = YES;
				MTL_ENABLE_DEBUG_INFO = INCLUDE_SOURCE;
				MTL_FAST_MATH = YES;
				ONLY_ACTIVE_ARCH = YES;
				SDKROOT = iphoneos;
				SWIFT_ACTIVE_COMPILATION_CONDITIONS = "DEBUG $(inherited)";
				SWIFT_OPTIMIZATION_LEVEL = "-Onone";
			};
			name = Debug;
		};
		577755802AC758C8006C8719 /* Release */ = {
			isa = XCBuildConfiguration;
			buildSettings = {
				ALWAYS_SEARCH_USER_PATHS = NO;
				ASSETCATALOG_COMPILER_GENERATE_SWIFT_ASSET_SYMBOL_EXTENSIONS = YES;
				CLANG_ANALYZER_NONNULL = YES;
				CLANG_ANALYZER_NUMBER_OBJECT_CONVERSION = YES_AGGRESSIVE;
				CLANG_CXX_LANGUAGE_STANDARD = "gnu++20";
				CLANG_ENABLE_MODULES = YES;
				CLANG_ENABLE_OBJC_ARC = YES;
				CLANG_ENABLE_OBJC_WEAK = YES;
				CLANG_WARN_BLOCK_CAPTURE_AUTORELEASING = YES;
				CLANG_WARN_BOOL_CONVERSION = YES;
				CLANG_WARN_COMMA = YES;
				CLANG_WARN_CONSTANT_CONVERSION = YES;
				CLANG_WARN_DEPRECATED_OBJC_IMPLEMENTATIONS = YES;
				CLANG_WARN_DIRECT_OBJC_ISA_USAGE = YES_ERROR;
				CLANG_WARN_DOCUMENTATION_COMMENTS = YES;
				CLANG_WARN_EMPTY_BODY = YES;
				CLANG_WARN_ENUM_CONVERSION = YES;
				CLANG_WARN_INFINITE_RECURSION = YES;
				CLANG_WARN_INT_CONVERSION = YES;
				CLANG_WARN_NON_LITERAL_NULL_CONVERSION = YES;
				CLANG_WARN_OBJC_IMPLICIT_RETAIN_SELF = YES;
				CLANG_WARN_OBJC_LITERAL_CONVERSION = YES;
				CLANG_WARN_OBJC_ROOT_CLASS = YES_ERROR;
				CLANG_WARN_QUOTED_INCLUDE_IN_FRAMEWORK_HEADER = YES;
				CLANG_WARN_RANGE_LOOP_ANALYSIS = YES;
				CLANG_WARN_STRICT_PROTOTYPES = YES;
				CLANG_WARN_SUSPICIOUS_MOVE = YES;
				CLANG_WARN_UNGUARDED_AVAILABILITY = YES_AGGRESSIVE;
				CLANG_WARN_UNREACHABLE_CODE = YES;
				CLANG_WARN__DUPLICATE_METHOD_MATCH = YES;
				COPY_PHASE_STRIP = NO;
				DEBUG_INFORMATION_FORMAT = "dwarf-with-dsym";
				ENABLE_NS_ASSERTIONS = NO;
				ENABLE_STRICT_OBJC_MSGSEND = YES;
				ENABLE_USER_SCRIPT_SANDBOXING = YES;
				GCC_C_LANGUAGE_STANDARD = gnu17;
				GCC_NO_COMMON_BLOCKS = YES;
				GCC_WARN_64_TO_32_BIT_CONVERSION = YES;
				GCC_WARN_ABOUT_RETURN_TYPE = YES_ERROR;
				GCC_WARN_UNDECLARED_SELECTOR = YES;
				GCC_WARN_UNINITIALIZED_AUTOS = YES_AGGRESSIVE;
				GCC_WARN_UNUSED_FUNCTION = YES;
				GCC_WARN_UNUSED_VARIABLE = YES;
				IPHONEOS_DEPLOYMENT_TARGET = 17.0;
				LOCALIZATION_PREFERS_STRING_CATALOGS = YES;
				MTL_ENABLE_DEBUG_INFO = NO;
				MTL_FAST_MATH = YES;
				SDKROOT = iphoneos;
				SWIFT_COMPILATION_MODE = wholemodule;
				VALIDATE_PRODUCT = YES;
			};
			name = Release;
		};
		577755822AC758C8006C8719 /* Debug */ = {
			isa = XCBuildConfiguration;
			buildSettings = {
				ASSETCATALOG_COMPILER_APPICON_NAME = AppIcon;
				ASSETCATALOG_COMPILER_GLOBAL_ACCENT_COLOR_NAME = AccentColor;
				CODE_SIGN_STYLE = Automatic;
				CURRENT_PROJECT_VERSION = 1;
				DEVELOPMENT_ASSET_PATHS = "\"Enrique/Preview Content\"";
				ENABLE_PREVIEWS = YES;
				GENERATE_INFOPLIST_FILE = YES;
				INFOPLIST_KEY_UIApplicationSceneManifest_Generation = YES;
				INFOPLIST_KEY_UIApplicationSupportsIndirectInputEvents = YES;
				INFOPLIST_KEY_UILaunchScreen_Generation = YES;
				INFOPLIST_KEY_UISupportedInterfaceOrientations_iPad = "UIInterfaceOrientationPortrait UIInterfaceOrientationPortraitUpsideDown UIInterfaceOrientationLandscapeLeft UIInterfaceOrientationLandscapeRight";
				INFOPLIST_KEY_UISupportedInterfaceOrientations_iPhone = "UIInterfaceOrientationPortrait UIInterfaceOrientationLandscapeLeft UIInterfaceOrientationLandscapeRight";
				LD_RUNPATH_SEARCH_PATHS = (
					"$(inherited)",
					"@executable_path/Frameworks",
				);
				MARKETING_VERSION = 1.0;
				PRODUCT_BUNDLE_IDENTIFIER = TNap.Enrique;
				PRODUCT_NAME = "$(TARGET_NAME)";
				SWIFT_EMIT_LOC_STRINGS = YES;
				SWIFT_VERSION = 5.0;
				TARGETED_DEVICE_FAMILY = "1,2";
			};
			name = Debug;
		};
		577755832AC758C8006C8719 /* Release */ = {
			isa = XCBuildConfiguration;
			buildSettings = {
				ASSETCATALOG_COMPILER_APPICON_NAME = AppIcon;
				ASSETCATALOG_COMPILER_GLOBAL_ACCENT_COLOR_NAME = AccentColor;
				CODE_SIGN_STYLE = Automatic;
				CURRENT_PROJECT_VERSION = 1;
				DEVELOPMENT_ASSET_PATHS = "\"Enrique/Preview Content\"";
				ENABLE_PREVIEWS = YES;
				GENERATE_INFOPLIST_FILE = YES;
				INFOPLIST_KEY_UIApplicationSceneManifest_Generation = YES;
				INFOPLIST_KEY_UIApplicationSupportsIndirectInputEvents = YES;
				INFOPLIST_KEY_UILaunchScreen_Generation = YES;
				INFOPLIST_KEY_UISupportedInterfaceOrientations_iPad = "UIInterfaceOrientationPortrait UIInterfaceOrientationPortraitUpsideDown UIInterfaceOrientationLandscapeLeft UIInterfaceOrientationLandscapeRight";
				INFOPLIST_KEY_UISupportedInterfaceOrientations_iPhone = "UIInterfaceOrientationPortrait UIInterfaceOrientationLandscapeLeft UIInterfaceOrientationLandscapeRight";
				LD_RUNPATH_SEARCH_PATHS = (
					"$(inherited)",
					"@executable_path/Frameworks",
				);
				MARKETING_VERSION = 1.0;
				PRODUCT_BUNDLE_IDENTIFIER = TNap.Enrique;
				PRODUCT_NAME = "$(TARGET_NAME)";
				SWIFT_EMIT_LOC_STRINGS = YES;
				SWIFT_VERSION = 5.0;
				TARGETED_DEVICE_FAMILY = "1,2";
			};
			name = Release;
		};
		577755852AC758C8006C8719 /* Debug */ = {
			isa = XCBuildConfiguration;
			buildSettings = {
				ALWAYS_EMBED_SWIFT_STANDARD_LIBRARIES = YES;
				BUNDLE_LOADER = "$(TEST_HOST)";
				CODE_SIGN_STYLE = Automatic;
				CURRENT_PROJECT_VERSION = 1;
				GENERATE_INFOPLIST_FILE = YES;
				IPHONEOS_DEPLOYMENT_TARGET = 17.0;
				MARKETING_VERSION = 1.0;
				PRODUCT_BUNDLE_IDENTIFIER = TNap.EnriqueTests;
				PRODUCT_NAME = "$(TARGET_NAME)";
				SWIFT_EMIT_LOC_STRINGS = NO;
				SWIFT_VERSION = 5.0;
				TARGETED_DEVICE_FAMILY = "1,2";
				TEST_HOST = "$(BUILT_PRODUCTS_DIR)/Enrique.app/$(BUNDLE_EXECUTABLE_FOLDER_PATH)/Enrique";
			};
			name = Debug;
		};
		577755862AC758C8006C8719 /* Release */ = {
			isa = XCBuildConfiguration;
			buildSettings = {
				ALWAYS_EMBED_SWIFT_STANDARD_LIBRARIES = YES;
				BUNDLE_LOADER = "$(TEST_HOST)";
				CODE_SIGN_STYLE = Automatic;
				CURRENT_PROJECT_VERSION = 1;
				GENERATE_INFOPLIST_FILE = YES;
				IPHONEOS_DEPLOYMENT_TARGET = 17.0;
				MARKETING_VERSION = 1.0;
				PRODUCT_BUNDLE_IDENTIFIER = TNap.EnriqueTests;
				PRODUCT_NAME = "$(TARGET_NAME)";
				SWIFT_EMIT_LOC_STRINGS = NO;
				SWIFT_VERSION = 5.0;
				TARGETED_DEVICE_FAMILY = "1,2";
				TEST_HOST = "$(BUILT_PRODUCTS_DIR)/Enrique.app/$(BUNDLE_EXECUTABLE_FOLDER_PATH)/Enrique";
			};
			name = Release;
		};
		577755882AC758C8006C8719 /* Debug */ = {
			isa = XCBuildConfiguration;
			buildSettings = {
				ALWAYS_EMBED_SWIFT_STANDARD_LIBRARIES = YES;
				CODE_SIGN_STYLE = Automatic;
				CURRENT_PROJECT_VERSION = 1;
				GENERATE_INFOPLIST_FILE = YES;
				MARKETING_VERSION = 1.0;
				PRODUCT_BUNDLE_IDENTIFIER = TNap.EnriqueUITests;
				PRODUCT_NAME = "$(TARGET_NAME)";
				SWIFT_EMIT_LOC_STRINGS = NO;
				SWIFT_VERSION = 5.0;
				TARGETED_DEVICE_FAMILY = "1,2";
				TEST_TARGET_NAME = Enrique;
			};
			name = Debug;
		};
		577755892AC758C8006C8719 /* Release */ = {
			isa = XCBuildConfiguration;
			buildSettings = {
				ALWAYS_EMBED_SWIFT_STANDARD_LIBRARIES = YES;
				CODE_SIGN_STYLE = Automatic;
				CURRENT_PROJECT_VERSION = 1;
				GENERATE_INFOPLIST_FILE = YES;
				MARKETING_VERSION = 1.0;
				PRODUCT_BUNDLE_IDENTIFIER = TNap.EnriqueUITests;
				PRODUCT_NAME = "$(TARGET_NAME)";
				SWIFT_EMIT_LOC_STRINGS = NO;
				SWIFT_VERSION = 5.0;
				TARGETED_DEVICE_FAMILY = "1,2";
				TEST_TARGET_NAME = Enrique;
			};
			name = Release;
		};
/* End XCBuildConfiguration section */

/* Begin XCConfigurationList section */
		577755582AC758C6006C8719 /* Build configuration list for PBXProject "Enrique" */ = {
			isa = XCConfigurationList;
			buildConfigurations = (
				5777557F2AC758C8006C8719 /* Debug */,
				577755802AC758C8006C8719 /* Release */,
			);
			defaultConfigurationIsVisible = 0;
			defaultConfigurationName = Release;
		};
		577755812AC758C8006C8719 /* Build configuration list for PBXNativeTarget "Enrique" */ = {
			isa = XCConfigurationList;
			buildConfigurations = (
				577755822AC758C8006C8719 /* Debug */,
				577755832AC758C8006C8719 /* Release */,
			);
			defaultConfigurationIsVisible = 0;
			defaultConfigurationName = Release;
		};
		577755842AC758C8006C8719 /* Build configuration list for PBXNativeTarget "EnriqueTests" */ = {
			isa = XCConfigurationList;
			buildConfigurations = (
				577755852AC758C8006C8719 /* Debug */,
				577755862AC758C8006C8719 /* Release */,
			);
			defaultConfigurationIsVisible = 0;
			defaultConfigurationName = Release;
		};
		577755872AC758C8006C8719 /* Build configuration list for PBXNativeTarget "EnriqueUITests" */ = {
			isa = XCConfigurationList;
			buildConfigurations = (
				577755882AC758C8006C8719 /* Debug */,
				577755892AC758C8006C8719 /* Release */,
			);
			defaultConfigurationIsVisible = 0;
			defaultConfigurationName = Release;
		};
/* End XCConfigurationList section */
	};
	rootObject = 577755552AC758C6006C8719 /* Project object */;
}
